
Microsoft Visual Studio Solution File, Format Version 12.00
# Visual Studio Version 16
VisualStudioVersion = 16.0.29709.97
MinimumVisualStudioVersion = 10.0.40219.1
Project("{FAE04EC0-301F-11D3-BF4B-00C04F79EFBC}") = "WebApplication1", "WebApplication1.csproj", "{561EB3D6-BE89-42F8-8E31-0CC80939830F}"
EndProject
Global
	GlobalSection(SolutionConfigurationPlatforms) = preSolution
		Debug|Any CPU = Debug|Any CPU
		Release|Any CPU = Release|Any CPU
	EndGlobalSection
	GlobalSection(ProjectConfigurationPlatforms) = postSolution
		{561EB3D6-BE89-42F8-8E31-0CC80939830F}.Debug|Any CPU.ActiveCfg = Debug|Any CPU
		{561EB3D6-BE89-42F8-8E31-0CC80939830F}.Debug|Any CPU.Build.0 = Debug|Any CPU
		{561EB3D6-BE89-42F8-8E31-0CC80939830F}.Release|Any CPU.ActiveCfg = Release|Any CPU
		{561EB3D6-BE89-42F8-8E31-0CC80939830F}.Release|Any CPU.Build.0 = Release|Any CPU
	EndGlobalSection
	GlobalSection(SolutionProperties) = preSolution
		HideSolutionNode = FALSE
	EndGlobalSection
	GlobalSection(ExtensibilityGlobals) = postSolution
		SolutionGuid = {45056420-31E5-4959-B3A7-06B66FF4054C}
	EndGlobalSection
EndGlobal
