
Microsoft Visual Studio Solution File, Format Version 12.00
# Visual Studio Version 16
VisualStudioVersion = 16.0.29709.97
MinimumVisualStudioVersion = 10.0.40219.1
Project("{FAE04EC0-301F-11D3-BF4B-00C04F79EFBC}") = "MiProyecto emanuel boscacci", "MiProyecto emanuel boscacci.csproj", "{9996468A-EF7B-48A6-A738-D6D5DA7AE32D}"
EndProject
Global
	GlobalSection(SolutionConfigurationPlatforms) = preSolution
		Debug|Any CPU = Debug|Any CPU
		Release|Any CPU = Release|Any CPU
	EndGlobalSection
	GlobalSection(ProjectConfigurationPlatforms) = postSolution
		{9996468A-EF7B-48A6-A738-D6D5DA7AE32D}.Debug|Any CPU.ActiveCfg = Debug|Any CPU
		{9996468A-EF7B-48A6-A738-D6D5DA7AE32D}.Debug|Any CPU.Build.0 = Debug|Any CPU
		{9996468A-EF7B-48A6-A738-D6D5DA7AE32D}.Release|Any CPU.ActiveCfg = Release|Any CPU
		{9996468A-EF7B-48A6-A738-D6D5DA7AE32D}.Release|Any CPU.Build.0 = Release|Any CPU
	EndGlobalSection
	GlobalSection(SolutionProperties) = preSolution
		HideSolutionNode = FALSE
	EndGlobalSection
	GlobalSection(ExtensibilityGlobals) = postSolution
		SolutionGuid = {1EB9B487-DCE0-4208-B063-BECB47D8CEB1}
	EndGlobalSection
EndGlobal
